
Microsoft Visual Studio Solution File, Format Version 12.00
# Visual Studio Version 16
VisualStudioVersion = 16.0.30717.126
MinimumVisualStudioVersion = 10.0.40219.1
Project("{9A19103F-16F7-4668-BE54-9A1E7A4F7556}") = "Vavatech.CIS.Models", "Vavatech.CIS.Models\Vavatech.CIS.Models.csproj", "{38392140-5C7E-477D-92F9-90FDF7561B8C}"
EndProject
Project("{FAE04EC0-301F-11D3-BF4B-00C04F79EFBC}") = "Vavatech.CIS.IServices", "Vavatech.CIS.IServices\Vavatech.CIS.IServices.csproj", "{CF868650-65F1-48D3-9766-6EF64A43F3DF}"
EndProject
Project("{FAE04EC0-301F-11D3-BF4B-00C04F79EFBC}") = "Vavatech.CIS.FakeServices", "Vavatech.CIS.FakeServices\Vavatech.CIS.FakeServices.csproj", "{B202D7AA-E704-4E00-A7B8-C76A148CB88D}"
EndProject
Project("{FAE04EC0-301F-11D3-BF4B-00C04F79EFBC}") = "Vavatech.CIS.Fakers", "Vavatech.CIS.Fakers\Vavatech.CIS.Fakers.csproj", "{070C80F6-1BDB-4C58-AD9B-2523D6F5C46D}"
EndProject
Project("{FAE04EC0-301F-11D3-BF4B-00C04F79EFBC}") = "Vavatech.CIS.Api", "Vavatech.CIS.Api\Vavatech.CIS.Api.csproj", "{4094E27A-44E3-499B-B7EC-440F7B29248B}"
EndProject
Global
	GlobalSection(SolutionConfigurationPlatforms) = preSolution
		Debug|Any CPU = Debug|Any CPU
		Release|Any CPU = Release|Any CPU
	EndGlobalSection
	GlobalSection(ProjectConfigurationPlatforms) = postSolution
		{38392140-5C7E-477D-92F9-90FDF7561B8C}.Debug|Any CPU.ActiveCfg = Debug|Any CPU
		{38392140-5C7E-477D-92F9-90FDF7561B8C}.Debug|Any CPU.Build.0 = Debug|Any CPU
		{38392140-5C7E-477D-92F9-90FDF7561B8C}.Release|Any CPU.ActiveCfg = Release|Any CPU
		{38392140-5C7E-477D-92F9-90FDF7561B8C}.Release|Any CPU.Build.0 = Release|Any CPU
		{CF868650-65F1-48D3-9766-6EF64A43F3DF}.Debug|Any CPU.ActiveCfg = Debug|Any CPU
		{CF868650-65F1-48D3-9766-6EF64A43F3DF}.Debug|Any CPU.Build.0 = Debug|Any CPU
		{CF868650-65F1-48D3-9766-6EF64A43F3DF}.Release|Any CPU.ActiveCfg = Release|Any CPU
		{CF868650-65F1-48D3-9766-6EF64A43F3DF}.Release|Any CPU.Build.0 = Release|Any CPU
		{B202D7AA-E704-4E00-A7B8-C76A148CB88D}.Debug|Any CPU.ActiveCfg = Debug|Any CPU
		{B202D7AA-E704-4E00-A7B8-C76A148CB88D}.Debug|Any CPU.Build.0 = Debug|Any CPU
		{B202D7AA-E704-4E00-A7B8-C76A148CB88D}.Release|Any CPU.ActiveCfg = Release|Any CPU
		{B202D7AA-E704-4E00-A7B8-C76A148CB88D}.Release|Any CPU.Build.0 = Release|Any CPU
		{070C80F6-1BDB-4C58-AD9B-2523D6F5C46D}.Debug|Any CPU.ActiveCfg = Debug|Any CPU
		{070C80F6-1BDB-4C58-AD9B-2523D6F5C46D}.Debug|Any CPU.Build.0 = Debug|Any CPU
		{070C80F6-1BDB-4C58-AD9B-2523D6F5C46D}.Release|Any CPU.ActiveCfg = Release|Any CPU
		{070C80F6-1BDB-4C58-AD9B-2523D6F5C46D}.Release|Any CPU.Build.0 = Release|Any CPU
		{4094E27A-44E3-499B-B7EC-440F7B29248B}.Debug|Any CPU.ActiveCfg = Debug|Any CPU
		{4094E27A-44E3-499B-B7EC-440F7B29248B}.Debug|Any CPU.Build.0 = Debug|Any CPU
		{4094E27A-44E3-499B-B7EC-440F7B29248B}.Release|Any CPU.ActiveCfg = Release|Any CPU
		{4094E27A-44E3-499B-B7EC-440F7B29248B}.Release|Any CPU.Build.0 = Release|Any CPU
	EndGlobalSection
	GlobalSection(SolutionProperties) = preSolution
		HideSolutionNode = FALSE
	EndGlobalSection
	GlobalSection(ExtensibilityGlobals) = postSolution
		SolutionGuid = {44241CB0-C09F-47F0-A7D2-F9939395CB17}
	EndGlobalSection
EndGlobal
