
Microsoft Visual Studio Solution File, Format Version 12.00
# Visual Studio Version 16
VisualStudioVersion = 16.0.30717.126
MinimumVisualStudioVersion = 10.0.40219.1
Project("{9A19103F-16F7-4668-BE54-9A1E7A4F7556}") = "Vavatech.CIS.Models", "Vavatech.CIS.Models\Vavatech.CIS.Models.csproj", "{38392140-5C7E-477D-92F9-90FDF7561B8C}"
EndProject
Project("{9A19103F-16F7-4668-BE54-9A1E7A4F7556}") = "Vavatech.CIS.IServices", "Vavatech.CIS.IServices\Vavatech.CIS.IServices.csproj", "{CF868650-65F1-48D3-9766-6EF64A43F3DF}"
EndProject
Project("{9A19103F-16F7-4668-BE54-9A1E7A4F7556}") = "Vavatech.CIS.FakeServices", "Vavatech.CIS.FakeServices\Vavatech.CIS.FakeServices.csproj", "{B202D7AA-E704-4E00-A7B8-C76A148CB88D}"
EndProject
Project("{9A19103F-16F7-4668-BE54-9A1E7A4F7556}") = "Vavatech.CIS.Fakers", "Vavatech.CIS.Fakers\Vavatech.CIS.Fakers.csproj", "{070C80F6-1BDB-4C58-AD9B-2523D6F5C46D}"
EndProject
Project("{9A19103F-16F7-4668-BE54-9A1E7A4F7556}") = "Vavatech.CIS.Api", "Vavatech.CIS.Api\Vavatech.CIS.Api.csproj", "{4094E27A-44E3-499B-B7EC-440F7B29248B}"
EndProject
Project("{9A19103F-16F7-4668-BE54-9A1E7A4F7556}") = "Vavatech.CIS.Models.Validators", "Vavatech.CIS.Models.Validators\Vavatech.CIS.Models.Validators.csproj", "{97CD23F7-026D-4786-B6BE-C490D2AE668E}"
EndProject
Project("{9A19103F-16F7-4668-BE54-9A1E7A4F7556}") = "Vavatech.CIS.ConsoleClient", "Vavatech.CIS.ConsoleClient\Vavatech.CIS.ConsoleClient.csproj", "{C38527BF-AEE9-41F7-9A39-D74AC05BB7EB}"
EndProject
Project("{9A19103F-16F7-4668-BE54-9A1E7A4F7556}") = "Vavatech.CIS.ApiServices", "Vavatech.CIS.ApiServices\Vavatech.CIS.ApiServices.csproj", "{D457EEE4-FB31-41E2-BD7B-5BF1FE572D6F}"
EndProject
Project("{FAE04EC0-301F-11D3-BF4B-00C04F79EFBC}") = "Vavatech.CIS.RawApi", "Vavatech.CIS.RawApi\Vavatech.CIS.RawApi.csproj", "{7D0DB943-D81A-49B1-9E57-C477E00D4AD1}"
EndProject
Global
	GlobalSection(SolutionConfigurationPlatforms) = preSolution
		Debug|Any CPU = Debug|Any CPU
		Release|Any CPU = Release|Any CPU
	EndGlobalSection
	GlobalSection(ProjectConfigurationPlatforms) = postSolution
		{38392140-5C7E-477D-92F9-90FDF7561B8C}.Debug|Any CPU.ActiveCfg = Debug|Any CPU
		{38392140-5C7E-477D-92F9-90FDF7561B8C}.Debug|Any CPU.Build.0 = Debug|Any CPU
		{38392140-5C7E-477D-92F9-90FDF7561B8C}.Release|Any CPU.ActiveCfg = Release|Any CPU
		{38392140-5C7E-477D-92F9-90FDF7561B8C}.Release|Any CPU.Build.0 = Release|Any CPU
		{CF868650-65F1-48D3-9766-6EF64A43F3DF}.Debug|Any CPU.ActiveCfg = Debug|Any CPU
		{CF868650-65F1-48D3-9766-6EF64A43F3DF}.Debug|Any CPU.Build.0 = Debug|Any CPU
		{CF868650-65F1-48D3-9766-6EF64A43F3DF}.Release|Any CPU.ActiveCfg = Release|Any CPU
		{CF868650-65F1-48D3-9766-6EF64A43F3DF}.Release|Any CPU.Build.0 = Release|Any CPU
		{B202D7AA-E704-4E00-A7B8-C76A148CB88D}.Debug|Any CPU.ActiveCfg = Debug|Any CPU
		{B202D7AA-E704-4E00-A7B8-C76A148CB88D}.Debug|Any CPU.Build.0 = Debug|Any CPU
		{B202D7AA-E704-4E00-A7B8-C76A148CB88D}.Release|Any CPU.ActiveCfg = Release|Any CPU
		{B202D7AA-E704-4E00-A7B8-C76A148CB88D}.Release|Any CPU.Build.0 = Release|Any CPU
		{070C80F6-1BDB-4C58-AD9B-2523D6F5C46D}.Debug|Any CPU.ActiveCfg = Debug|Any CPU
		{070C80F6-1BDB-4C58-AD9B-2523D6F5C46D}.Debug|Any CPU.Build.0 = Debug|Any CPU
		{070C80F6-1BDB-4C58-AD9B-2523D6F5C46D}.Release|Any CPU.ActiveCfg = Release|Any CPU
		{070C80F6-1BDB-4C58-AD9B-2523D6F5C46D}.Release|Any CPU.Build.0 = Release|Any CPU
		{4094E27A-44E3-499B-B7EC-440F7B29248B}.Debug|Any CPU.ActiveCfg = Debug|Any CPU
		{4094E27A-44E3-499B-B7EC-440F7B29248B}.Debug|Any CPU.Build.0 = Debug|Any CPU
		{4094E27A-44E3-499B-B7EC-440F7B29248B}.Release|Any CPU.ActiveCfg = Release|Any CPU
		{4094E27A-44E3-499B-B7EC-440F7B29248B}.Release|Any CPU.Build.0 = Release|Any CPU
		{97CD23F7-026D-4786-B6BE-C490D2AE668E}.Debug|Any CPU.ActiveCfg = Debug|Any CPU
		{97CD23F7-026D-4786-B6BE-C490D2AE668E}.Debug|Any CPU.Build.0 = Debug|Any CPU
		{97CD23F7-026D-4786-B6BE-C490D2AE668E}.Release|Any CPU.ActiveCfg = Release|Any CPU
		{97CD23F7-026D-4786-B6BE-C490D2AE668E}.Release|Any CPU.Build.0 = Release|Any CPU
		{C38527BF-AEE9-41F7-9A39-D74AC05BB7EB}.Debug|Any CPU.ActiveCfg = Debug|Any CPU
		{C38527BF-AEE9-41F7-9A39-D74AC05BB7EB}.Debug|Any CPU.Build.0 = Debug|Any CPU
		{C38527BF-AEE9-41F7-9A39-D74AC05BB7EB}.Release|Any CPU.ActiveCfg = Release|Any CPU
		{C38527BF-AEE9-41F7-9A39-D74AC05BB7EB}.Release|Any CPU.Build.0 = Release|Any CPU
		{D457EEE4-FB31-41E2-BD7B-5BF1FE572D6F}.Debug|Any CPU.ActiveCfg = Debug|Any CPU
		{D457EEE4-FB31-41E2-BD7B-5BF1FE572D6F}.Debug|Any CPU.Build.0 = Debug|Any CPU
		{D457EEE4-FB31-41E2-BD7B-5BF1FE572D6F}.Release|Any CPU.ActiveCfg = Release|Any CPU
		{D457EEE4-FB31-41E2-BD7B-5BF1FE572D6F}.Release|Any CPU.Build.0 = Release|Any CPU
		{7D0DB943-D81A-49B1-9E57-C477E00D4AD1}.Debug|Any CPU.ActiveCfg = Debug|Any CPU
		{7D0DB943-D81A-49B1-9E57-C477E00D4AD1}.Debug|Any CPU.Build.0 = Debug|Any CPU
		{7D0DB943-D81A-49B1-9E57-C477E00D4AD1}.Release|Any CPU.ActiveCfg = Release|Any CPU
		{7D0DB943-D81A-49B1-9E57-C477E00D4AD1}.Release|Any CPU.Build.0 = Release|Any CPU
	EndGlobalSection
	GlobalSection(SolutionProperties) = preSolution
		HideSolutionNode = FALSE
	EndGlobalSection
	GlobalSection(ExtensibilityGlobals) = postSolution
		SolutionGuid = {44241CB0-C09F-47F0-A7D2-F9939395CB17}
	EndGlobalSection
EndGlobal
